
Microsoft Visual Studio Solution File, Format Version 12.00
# Visual Studio Version 17
VisualStudioVersion = 17.14.36408.4 d17.14
MinimumVisualStudioVersion = 10.0.40219.1
Project("{FAE04EC0-301F-11D3-BF4B-00C04F79EFBC}") = "BackendPruebaTecnica", "BackendPruebaTecnica\BackendPruebaTecnica.csproj", "{D36A1E35-3017-4BEA-8472-259139A073D9}"
EndProject
Global
	GlobalSection(SolutionConfigurationPlatforms) = preSolution
		Debug|Any CPU = Debug|Any CPU
		Release|Any CPU = Release|Any CPU
	EndGlobalSection
	GlobalSection(ProjectConfigurationPlatforms) = postSolution
		{D36A1E35-3017-4BEA-8472-259139A073D9}.Debug|Any CPU.ActiveCfg = Debug|Any CPU
		{D36A1E35-3017-4BEA-8472-259139A073D9}.Debug|Any CPU.Build.0 = Debug|Any CPU
		{D36A1E35-3017-4BEA-8472-259139A073D9}.Release|Any CPU.ActiveCfg = Release|Any CPU
		{D36A1E35-3017-4BEA-8472-259139A073D9}.Release|Any CPU.Build.0 = Release|Any CPU
	EndGlobalSection
	GlobalSection(SolutionProperties) = preSolution
		HideSolutionNode = FALSE
	EndGlobalSection
	GlobalSection(ExtensibilityGlobals) = postSolution
		SolutionGuid = {6153CC26-6685-4486-9CBD-9CE44BD37489}
	EndGlobalSection
EndGlobal
